
Microsoft Visual Studio Solution File, Format Version 12.00
# Visual Studio Version 16
VisualStudioVersion = 16.0.30128.74
MinimumVisualStudioVersion = 10.0.40219.1
Project("{FAE04EC0-301F-11D3-BF4B-00C04F79EFBC}") = "prvniaplikace", "prvniaplikace.csproj", "{39CCB7A5-FA49-4E98-B8CC-2B2612FEF0E1}"
EndProject
Global
	GlobalSection(SolutionConfigurationPlatforms) = preSolution
		Debug|Any CPU = Debug|Any CPU
		Release|Any CPU = Release|Any CPU
	EndGlobalSection
	GlobalSection(ProjectConfigurationPlatforms) = postSolution
		{39CCB7A5-FA49-4E98-B8CC-2B2612FEF0E1}.Debug|Any CPU.ActiveCfg = Debug|Any CPU
		{39CCB7A5-FA49-4E98-B8CC-2B2612FEF0E1}.Debug|Any CPU.Build.0 = Debug|Any CPU
		{39CCB7A5-FA49-4E98-B8CC-2B2612FEF0E1}.Release|Any CPU.ActiveCfg = Release|Any CPU
		{39CCB7A5-FA49-4E98-B8CC-2B2612FEF0E1}.Release|Any CPU.Build.0 = Release|Any CPU
	EndGlobalSection
	GlobalSection(SolutionProperties) = preSolution
		HideSolutionNode = FALSE
	EndGlobalSection
	GlobalSection(ExtensibilityGlobals) = postSolution
		SolutionGuid = {F6E482EC-D13C-4148-B505-0C559CA3F5CE}
	EndGlobalSection
EndGlobal
